<?xml version="1.0" encoding="utf-8"?>
<Project ToolsVersion="17.0" xmlns="http://schemas.microsoft.com/developer/msbuild/2003">
  <ItemGroup>
    <ClCompile Include="C:\Projects\cpputest\tests\CppUTestExt\MockFailureReporterForTest.cpp">
      <Filter>Source Files</Filter>
    </ClCompile>
    <ClCompile Include="C:\Projects\cpputest\tests\CppUTestExt\ExpectedFunctionsListTest.cpp">
      <Filter>Source Files</Filter>
    </ClCompile>
    <ClCompile Include="C:\Projects\cpputest\tests\CppUTestExt\GMockTest.cpp">
      <Filter>Source Files</Filter>
    </ClCompile>
    <ClCompile Include="C:\Projects\cpputest\tests\CppUTestExt\GTest1Test.cpp">
      <Filter>Source Files</Filter>
    </ClCompile>
    <ClCompile Include="C:\Projects\cpputest\tests\CppUTestExt\GTest2ConvertorTest.cpp">
      <Filter>Source Files</Filter>
    </ClCompile>
    <ClCompile Include="C:\Projects\cpputest\tests\CppUTestExt\MemoryReportAllocatorTest.cpp">
      <Filter>Source Files</Filter>
    </ClCompile>
    <ClCompile Include="C:\Projects\cpputest\tests\CppUTestExt\MemoryReportFormatterTest.cpp">
      <Filter>Source Files</Filter>
    </ClCompile>
    <ClCompile Include="C:\Projects\cpputest\tests\CppUTestExt\MemoryReporterPluginTest.cpp">
      <Filter>Source Files</Filter>
    </ClCompile>
    <ClCompile Include="C:\Projects\cpputest\tests\CppUTestExt\MockActualCallTest.cpp">
      <Filter>Source Files</Filter>
    </ClCompile>
    <ClCompile Include="C:\Projects\cpputest\tests\CppUTestExt\MockCheatSheetTest.cpp">
      <Filter>Source Files</Filter>
    </ClCompile>
    <ClCompile Include="C:\Projects\cpputest\tests\CppUTestExt\MockComparatorCopierTest.cpp">
      <Filter>Source Files</Filter>
    </ClCompile>
    <ClCompile Include="C:\Projects\cpputest\tests\CppUTestExt\MockExpectedCallTest.cpp">
      <Filter>Source Files</Filter>
    </ClCompile>
    <ClCompile Include="C:\Projects\cpputest\tests\CppUTestExt\MockHierarchyTest.cpp">
      <Filter>Source Files</Filter>
    </ClCompile>
    <ClCompile Include="C:\Projects\cpputest\tests\CppUTestExt\CodeMemoryReporterTest.cpp">
      <Filter>Source Files</Filter>
    </ClCompile>
    <ClCompile Include="C:\Projects\cpputest\tests\CppUTestExt\OrderedTestTest.cpp">
      <Filter>Source Files</Filter>
    </ClCompile>
    <ClCompile Include="C:\Projects\cpputest\tests\CppUTestExt\OrderedTestTest_c.c">
      <Filter>Source Files</Filter>
    </ClCompile>
    <ClCompile Include="C:\Projects\cpputest\tests\CppUTestExt\MockReturnValueTest.cpp">
      <Filter>Source Files</Filter>
    </ClCompile>
    <ClCompile Include="C:\Projects\cpputest\tests\CppUTestExt\MockNamedValueTest.cpp">
      <Filter>Source Files</Filter>
    </ClCompile>
    <ClCompile Include="C:\Projects\cpputest\tests\CppUTestExt\MockPluginTest.cpp">
      <Filter>Source Files</Filter>
    </ClCompile>
    <ClCompile Include="C:\Projects\cpputest\tests\CppUTestExt\MockSupport_cTest.cpp">
      <Filter>Source Files</Filter>
    </ClCompile>
    <ClCompile Include="C:\Projects\cpputest\tests\CppUTestExt\MockSupport_cTestCFile.c">
      <Filter>Source Files</Filter>
    </ClCompile>
    <ClCompile Include="C:\Projects\cpputest\tests\CppUTestExt\MockCallTest.cpp">
      <Filter>Source Files</Filter>
    </ClCompile>
    <ClCompile Include="C:\Projects\cpputest\tests\CppUTestExt\MockParameterTest.cpp">
      <Filter>Source Files</Filter>
    </ClCompile>
    <ClCompile Include="C:\Projects\cpputest\tests\CppUTestExt\IEEE754PluginTest.cpp">
      <Filter>Source Files</Filter>
    </ClCompile>
    <ClCompile Include="C:\Projects\cpputest\tests\CppUTestExt\IEEE754PluginTest_c.c">
      <Filter>Source Files</Filter>
    </ClCompile>
    <ClCompile Include="C:\Projects\cpputest\tests\CppUTestExt\MockFailureTest.cpp">
      <Filter>Source Files</Filter>
    </ClCompile>
    <ClCompile Include="C:\Projects\cpputest\tests\CppUTestExt\MockStrictOrderTest.cpp">
      <Filter>Source Files</Filter>
    </ClCompile>
    <ClCompile Include="C:\Projects\cpputest\tests\CppUTestExt\MockSupportTest.cpp">
      <Filter>Source Files</Filter>
    </ClCompile>
  </ItemGroup>
  <ItemGroup>
    <CustomBuild Include="C:\Projects\cpputest\tests\CppUTestExt\CMakeLists.txt" />
  </ItemGroup>
  <ItemGroup>
    <Object Include="C:\Projects\cpputest\cpputeste_build\tests\CppUTestExt\CppUTestExtTests_main.dir\$(Configuration)\AllTests.obj">
      <Filter>Object Libraries</Filter>
    </Object>
  </ItemGroup>
  <ItemGroup>
    <Filter Include="Object Libraries">
      <UniqueIdentifier>{7152C1BD-004B-3360-8C85-BACAA16F4BFF}</UniqueIdentifier>
    </Filter>
    <Filter Include="Source Files">
      <UniqueIdentifier>{0998D24C-A523-3CD6-9111-A2EEF1971476}</UniqueIdentifier>
    </Filter>
  </ItemGroup>
</Project>
