<?xml version="1.0" encoding="utf-8"?>
<Project ToolsVersion="17.0" xmlns="http://schemas.microsoft.com/developer/msbuild/2003">
  <ItemGroup>
    <ClCompile Include="C:\Projects\cpputest\tests\CppUTest\AllocLetTestFree.c">
      <Filter>Source Files</Filter>
    </ClCompile>
    <ClCompile Include="C:\Projects\cpputest\tests\CppUTest\AllocLetTestFreeTest.cpp">
      <Filter>Source Files</Filter>
    </ClCompile>
    <ClCompile Include="C:\Projects\cpputest\tests\CppUTest\CheatSheetTest.cpp">
      <Filter>Source Files</Filter>
    </ClCompile>
    <ClCompile Include="C:\Projects\cpputest\tests\CppUTest\CompatabilityTests.cpp">
      <Filter>Source Files</Filter>
    </ClCompile>
    <ClCompile Include="C:\Projects\cpputest\tests\CppUTest\CommandLineArgumentsTest.cpp">
      <Filter>Source Files</Filter>
    </ClCompile>
    <ClCompile Include="C:\Projects\cpputest\tests\CppUTest\CommandLineTestRunnerTest.cpp">
      <Filter>Source Files</Filter>
    </ClCompile>
    <ClCompile Include="C:\Projects\cpputest\tests\CppUTest\JUnitOutputTest.cpp">
      <Filter>Source Files</Filter>
    </ClCompile>
    <ClCompile Include="C:\Projects\cpputest\tests\CppUTest\DummyMemoryLeakDetector.cpp">
      <Filter>Source Files</Filter>
    </ClCompile>
    <ClCompile Include="C:\Projects\cpputest\tests\CppUTest\MemoryLeakWarningTest.cpp">
      <Filter>Source Files</Filter>
    </ClCompile>
    <ClCompile Include="C:\Projects\cpputest\tests\CppUTest\PluginTest.cpp">
      <Filter>Source Files</Filter>
    </ClCompile>
    <ClCompile Include="C:\Projects\cpputest\tests\CppUTest\PreprocessorTest.cpp">
      <Filter>Source Files</Filter>
    </ClCompile>
    <ClCompile Include="C:\Projects\cpputest\tests\CppUTest\SetPluginTest.cpp">
      <Filter>Source Files</Filter>
    </ClCompile>
    <ClCompile Include="C:\Projects\cpputest\tests\CppUTest\SimpleMutexTest.cpp">
      <Filter>Source Files</Filter>
    </ClCompile>
    <ClCompile Include="C:\Projects\cpputest\tests\CppUTest\TeamCityOutputTest.cpp">
      <Filter>Source Files</Filter>
    </ClCompile>
    <ClCompile Include="C:\Projects\cpputest\tests\CppUTest\TestFailureNaNTest.cpp">
      <Filter>Source Files</Filter>
    </ClCompile>
    <ClCompile Include="C:\Projects\cpputest\tests\CppUTest\TestFailureTest.cpp">
      <Filter>Source Files</Filter>
    </ClCompile>
    <ClCompile Include="C:\Projects\cpputest\tests\CppUTest\TestResultTest.cpp">
      <Filter>Source Files</Filter>
    </ClCompile>
    <ClCompile Include="C:\Projects\cpputest\tests\CppUTest\MemoryLeakDetectorTest.cpp">
      <Filter>Source Files</Filter>
    </ClCompile>
    <ClCompile Include="C:\Projects\cpputest\tests\CppUTest\SimpleStringTest.cpp">
      <Filter>Source Files</Filter>
    </ClCompile>
    <ClCompile Include="C:\Projects\cpputest\tests\CppUTest\SimpleStringCacheTest.cpp">
      <Filter>Source Files</Filter>
    </ClCompile>
    <ClCompile Include="C:\Projects\cpputest\tests\CppUTest\TestOutputTest.cpp">
      <Filter>Source Files</Filter>
    </ClCompile>
    <ClCompile Include="C:\Projects\cpputest\tests\CppUTest\TestRegistryTest.cpp">
      <Filter>Source Files</Filter>
    </ClCompile>
    <ClCompile Include="C:\Projects\cpputest\tests\CppUTest\AllocationInCFile.c">
      <Filter>Source Files</Filter>
    </ClCompile>
    <ClCompile Include="C:\Projects\cpputest\tests\CppUTest\AllocationInCppFile.cpp">
      <Filter>Source Files</Filter>
    </ClCompile>
    <ClCompile Include="C:\Projects\cpputest\tests\CppUTest\MemoryOperatorOverloadTest.cpp">
      <Filter>Source Files</Filter>
    </ClCompile>
    <ClCompile Include="C:\Projects\cpputest\tests\CppUTest\TestFilterTest.cpp">
      <Filter>Source Files</Filter>
    </ClCompile>
    <ClCompile Include="C:\Projects\cpputest\tests\CppUTest\TestHarness_cTest.cpp">
      <Filter>Source Files</Filter>
    </ClCompile>
    <ClCompile Include="C:\Projects\cpputest\tests\CppUTest\TestHarness_cTestCFile.c">
      <Filter>Source Files</Filter>
    </ClCompile>
    <ClCompile Include="C:\Projects\cpputest\tests\CppUTest\TestInstallerTest.cpp">
      <Filter>Source Files</Filter>
    </ClCompile>
    <ClCompile Include="C:\Projects\cpputest\tests\CppUTest\TestMemoryAllocatorTest.cpp">
      <Filter>Source Files</Filter>
    </ClCompile>
    <ClCompile Include="C:\Projects\cpputest\tests\CppUTest\TestUTestMacro.cpp">
      <Filter>Source Files</Filter>
    </ClCompile>
    <ClCompile Include="C:\Projects\cpputest\tests\CppUTest\UtestPlatformTest.cpp">
      <Filter>Source Files</Filter>
    </ClCompile>
    <ClCompile Include="C:\Projects\cpputest\tests\CppUTest\UtestTest.cpp">
      <Filter>Source Files</Filter>
    </ClCompile>
    <ClCompile Include="C:\Projects\cpputest\tests\CppUTest\TestUTestStringMacro.cpp">
      <Filter>Source Files</Filter>
    </ClCompile>
  </ItemGroup>
  <ItemGroup>
    <CustomBuild Include="C:\Projects\cpputest\tests\CppUTest\CMakeLists.txt" />
  </ItemGroup>
  <ItemGroup>
    <Object Include="C:\Projects\cpputest\cpputeste_build\tests\CppUTest\CppUTestTests_main.dir\$(Configuration)\AllTests.obj">
      <Filter>Object Libraries</Filter>
    </Object>
  </ItemGroup>
  <ItemGroup>
    <Filter Include="Object Libraries">
      <UniqueIdentifier>{7152C1BD-004B-3360-8C85-BACAA16F4BFF}</UniqueIdentifier>
    </Filter>
    <Filter Include="Source Files">
      <UniqueIdentifier>{0998D24C-A523-3CD6-9111-A2EEF1971476}</UniqueIdentifier>
    </Filter>
  </ItemGroup>
</Project>
