
Microsoft Visual Studio Solution File, Format Version 12.00
# Visual Studio Version 17
Project("{8BC9CEB8-8B4A-11D0-8D11-00A0C91BC942}") = "ALL_BUILD", "ALL_BUILD.vcxproj", "{CF44D93B-4911-37FB-A9E5-A9BE2DB89E40}"
	ProjectSection(ProjectDependencies) = postProject
		{46F13A3D-4D61-36B0-9E80-08C6D77A3820} = {46F13A3D-4D61-36B0-9E80-08C6D77A3820}
		{E7076E05-06B3-37EF-9490-BFA3DB6B9E8B} = {E7076E05-06B3-37EF-9490-BFA3DB6B9E8B}
		{CE55D0DB-B8DA-34D7-9195-88D36A34EFCB} = {CE55D0DB-B8DA-34D7-9195-88D36A34EFCB}
	EndProjectSection
EndProject
Project("{8BC9CEB8-8B4A-11D0-8D11-00A0C91BC942}") = "ApplicationLib", "ApplicationLib\ApplicationLib.vcxproj", "{46F13A3D-4D61-36B0-9E80-08C6D77A3820}"
	ProjectSection(ProjectDependencies) = postProject
		{CE55D0DB-B8DA-34D7-9195-88D36A34EFCB} = {CE55D0DB-B8DA-34D7-9195-88D36A34EFCB}
	EndProjectSection
EndProject
Project("{8BC9CEB8-8B4A-11D0-8D11-00A0C91BC942}") = "CppUTest", "..\src\CppUTest\CppUTest.vcxproj", "{0F82080C-364C-3A04-A574-E4AD9FD7A2B2}"
	ProjectSection(ProjectDependencies) = postProject
		{CE55D0DB-B8DA-34D7-9195-88D36A34EFCB} = {CE55D0DB-B8DA-34D7-9195-88D36A34EFCB}
	EndProjectSection
EndProject
Project("{8BC9CEB8-8B4A-11D0-8D11-00A0C91BC942}") = "CppUTestExt", "..\src\CppUTestExt\CppUTestExt.vcxproj", "{CB797965-12B1-3F3A-B0FF-A390E21E29FB}"
	ProjectSection(ProjectDependencies) = postProject
		{0F82080C-364C-3A04-A574-E4AD9FD7A2B2} = {0F82080C-364C-3A04-A574-E4AD9FD7A2B2}
		{CE55D0DB-B8DA-34D7-9195-88D36A34EFCB} = {CE55D0DB-B8DA-34D7-9195-88D36A34EFCB}
	EndProjectSection
EndProject
Project("{8BC9CEB8-8B4A-11D0-8D11-00A0C91BC942}") = "ExampleTests", "AllTests\ExampleTests.vcxproj", "{E7076E05-06B3-37EF-9490-BFA3DB6B9E8B}"
	ProjectSection(ProjectDependencies) = postProject
		{46F13A3D-4D61-36B0-9E80-08C6D77A3820} = {46F13A3D-4D61-36B0-9E80-08C6D77A3820}
		{0F82080C-364C-3A04-A574-E4AD9FD7A2B2} = {0F82080C-364C-3A04-A574-E4AD9FD7A2B2}
		{CB797965-12B1-3F3A-B0FF-A390E21E29FB} = {CB797965-12B1-3F3A-B0FF-A390E21E29FB}
		{CE55D0DB-B8DA-34D7-9195-88D36A34EFCB} = {CE55D0DB-B8DA-34D7-9195-88D36A34EFCB}
	EndProjectSection
EndProject
Project("{8BC9CEB8-8B4A-11D0-8D11-00A0C91BC942}") = "INSTALL", "INSTALL.vcxproj", "{E28A6ADC-1228-38CB-98D8-D16C73E84C33}"
	ProjectSection(ProjectDependencies) = postProject
		{CF44D93B-4911-37FB-A9E5-A9BE2DB89E40} = {CF44D93B-4911-37FB-A9E5-A9BE2DB89E40}
		{CE55D0DB-B8DA-34D7-9195-88D36A34EFCB} = {CE55D0DB-B8DA-34D7-9195-88D36A34EFCB}
	EndProjectSection
EndProject
Project("{8BC9CEB8-8B4A-11D0-8D11-00A0C91BC942}") = "RUN_TESTS", "RUN_TESTS.vcxproj", "{3FB5B933-C5E9-3449-BD8C-90C46E35432B}"
	ProjectSection(ProjectDependencies) = postProject
		{CE55D0DB-B8DA-34D7-9195-88D36A34EFCB} = {CE55D0DB-B8DA-34D7-9195-88D36A34EFCB}
	EndProjectSection
EndProject
Project("{8BC9CEB8-8B4A-11D0-8D11-00A0C91BC942}") = "ZERO_CHECK", "..\\ZERO_CHECK.vcxproj", "{CE55D0DB-B8DA-34D7-9195-88D36A34EFCB}"
	ProjectSection(ProjectDependencies) = postProject
	EndProjectSection
EndProject
Global
	GlobalSection(SolutionConfigurationPlatforms) = preSolution
		Debug|x64 = Debug|x64
		Release|x64 = Release|x64
		MinSizeRel|x64 = MinSizeRel|x64
		RelWithDebInfo|x64 = RelWithDebInfo|x64
	EndGlobalSection
	GlobalSection(ProjectConfigurationPlatforms) = postSolution
		{CF44D93B-4911-37FB-A9E5-A9BE2DB89E40}.Debug|x64.ActiveCfg = Debug|x64
		{CF44D93B-4911-37FB-A9E5-A9BE2DB89E40}.Debug|x64.Build.0 = Debug|x64
		{CF44D93B-4911-37FB-A9E5-A9BE2DB89E40}.Release|x64.ActiveCfg = Release|x64
		{CF44D93B-4911-37FB-A9E5-A9BE2DB89E40}.Release|x64.Build.0 = Release|x64
		{CF44D93B-4911-37FB-A9E5-A9BE2DB89E40}.MinSizeRel|x64.ActiveCfg = MinSizeRel|x64
		{CF44D93B-4911-37FB-A9E5-A9BE2DB89E40}.MinSizeRel|x64.Build.0 = MinSizeRel|x64
		{CF44D93B-4911-37FB-A9E5-A9BE2DB89E40}.RelWithDebInfo|x64.ActiveCfg = RelWithDebInfo|x64
		{CF44D93B-4911-37FB-A9E5-A9BE2DB89E40}.RelWithDebInfo|x64.Build.0 = RelWithDebInfo|x64
		{46F13A3D-4D61-36B0-9E80-08C6D77A3820}.Debug|x64.ActiveCfg = Debug|x64
		{46F13A3D-4D61-36B0-9E80-08C6D77A3820}.Debug|x64.Build.0 = Debug|x64
		{46F13A3D-4D61-36B0-9E80-08C6D77A3820}.Release|x64.ActiveCfg = Release|x64
		{46F13A3D-4D61-36B0-9E80-08C6D77A3820}.Release|x64.Build.0 = Release|x64
		{46F13A3D-4D61-36B0-9E80-08C6D77A3820}.MinSizeRel|x64.ActiveCfg = MinSizeRel|x64
		{46F13A3D-4D61-36B0-9E80-08C6D77A3820}.MinSizeRel|x64.Build.0 = MinSizeRel|x64
		{46F13A3D-4D61-36B0-9E80-08C6D77A3820}.RelWithDebInfo|x64.ActiveCfg = RelWithDebInfo|x64
		{46F13A3D-4D61-36B0-9E80-08C6D77A3820}.RelWithDebInfo|x64.Build.0 = RelWithDebInfo|x64
		{0F82080C-364C-3A04-A574-E4AD9FD7A2B2}.Debug|x64.ActiveCfg = Debug|x64
		{0F82080C-364C-3A04-A574-E4AD9FD7A2B2}.Debug|x64.Build.0 = Debug|x64
		{0F82080C-364C-3A04-A574-E4AD9FD7A2B2}.Release|x64.ActiveCfg = Release|x64
		{0F82080C-364C-3A04-A574-E4AD9FD7A2B2}.Release|x64.Build.0 = Release|x64
		{0F82080C-364C-3A04-A574-E4AD9FD7A2B2}.MinSizeRel|x64.ActiveCfg = MinSizeRel|x64
		{0F82080C-364C-3A04-A574-E4AD9FD7A2B2}.MinSizeRel|x64.Build.0 = MinSizeRel|x64
		{0F82080C-364C-3A04-A574-E4AD9FD7A2B2}.RelWithDebInfo|x64.ActiveCfg = RelWithDebInfo|x64
		{0F82080C-364C-3A04-A574-E4AD9FD7A2B2}.RelWithDebInfo|x64.Build.0 = RelWithDebInfo|x64
		{CB797965-12B1-3F3A-B0FF-A390E21E29FB}.Debug|x64.ActiveCfg = Debug|x64
		{CB797965-12B1-3F3A-B0FF-A390E21E29FB}.Debug|x64.Build.0 = Debug|x64
		{CB797965-12B1-3F3A-B0FF-A390E21E29FB}.Release|x64.ActiveCfg = Release|x64
		{CB797965-12B1-3F3A-B0FF-A390E21E29FB}.Release|x64.Build.0 = Release|x64
		{CB797965-12B1-3F3A-B0FF-A390E21E29FB}.MinSizeRel|x64.ActiveCfg = MinSizeRel|x64
		{CB797965-12B1-3F3A-B0FF-A390E21E29FB}.MinSizeRel|x64.Build.0 = MinSizeRel|x64
		{CB797965-12B1-3F3A-B0FF-A390E21E29FB}.RelWithDebInfo|x64.ActiveCfg = RelWithDebInfo|x64
		{CB797965-12B1-3F3A-B0FF-A390E21E29FB}.RelWithDebInfo|x64.Build.0 = RelWithDebInfo|x64
		{E7076E05-06B3-37EF-9490-BFA3DB6B9E8B}.Debug|x64.ActiveCfg = Debug|x64
		{E7076E05-06B3-37EF-9490-BFA3DB6B9E8B}.Debug|x64.Build.0 = Debug|x64
		{E7076E05-06B3-37EF-9490-BFA3DB6B9E8B}.Release|x64.ActiveCfg = Release|x64
		{E7076E05-06B3-37EF-9490-BFA3DB6B9E8B}.Release|x64.Build.0 = Release|x64
		{E7076E05-06B3-37EF-9490-BFA3DB6B9E8B}.MinSizeRel|x64.ActiveCfg = MinSizeRel|x64
		{E7076E05-06B3-37EF-9490-BFA3DB6B9E8B}.MinSizeRel|x64.Build.0 = MinSizeRel|x64
		{E7076E05-06B3-37EF-9490-BFA3DB6B9E8B}.RelWithDebInfo|x64.ActiveCfg = RelWithDebInfo|x64
		{E7076E05-06B3-37EF-9490-BFA3DB6B9E8B}.RelWithDebInfo|x64.Build.0 = RelWithDebInfo|x64
		{E28A6ADC-1228-38CB-98D8-D16C73E84C33}.Debug|x64.ActiveCfg = Debug|x64
		{E28A6ADC-1228-38CB-98D8-D16C73E84C33}.Release|x64.ActiveCfg = Release|x64
		{E28A6ADC-1228-38CB-98D8-D16C73E84C33}.MinSizeRel|x64.ActiveCfg = MinSizeRel|x64
		{E28A6ADC-1228-38CB-98D8-D16C73E84C33}.RelWithDebInfo|x64.ActiveCfg = RelWithDebInfo|x64
		{3FB5B933-C5E9-3449-BD8C-90C46E35432B}.Debug|x64.ActiveCfg = Debug|x64
		{3FB5B933-C5E9-3449-BD8C-90C46E35432B}.Release|x64.ActiveCfg = Release|x64
		{3FB5B933-C5E9-3449-BD8C-90C46E35432B}.MinSizeRel|x64.ActiveCfg = MinSizeRel|x64
		{3FB5B933-C5E9-3449-BD8C-90C46E35432B}.RelWithDebInfo|x64.ActiveCfg = RelWithDebInfo|x64
		{CE55D0DB-B8DA-34D7-9195-88D36A34EFCB}.Debug|x64.ActiveCfg = Debug|x64
		{CE55D0DB-B8DA-34D7-9195-88D36A34EFCB}.Debug|x64.Build.0 = Debug|x64
		{CE55D0DB-B8DA-34D7-9195-88D36A34EFCB}.Release|x64.ActiveCfg = Release|x64
		{CE55D0DB-B8DA-34D7-9195-88D36A34EFCB}.Release|x64.Build.0 = Release|x64
		{CE55D0DB-B8DA-34D7-9195-88D36A34EFCB}.MinSizeRel|x64.ActiveCfg = MinSizeRel|x64
		{CE55D0DB-B8DA-34D7-9195-88D36A34EFCB}.MinSizeRel|x64.Build.0 = MinSizeRel|x64
		{CE55D0DB-B8DA-34D7-9195-88D36A34EFCB}.RelWithDebInfo|x64.ActiveCfg = RelWithDebInfo|x64
		{CE55D0DB-B8DA-34D7-9195-88D36A34EFCB}.RelWithDebInfo|x64.Build.0 = RelWithDebInfo|x64
	EndGlobalSection
	GlobalSection(ExtensibilityGlobals) = postSolution
		SolutionGuid = {B834EF8F-8104-3F27-9A75-F29E7F17F129}
	EndGlobalSection
	GlobalSection(ExtensibilityAddIns) = postSolution
	EndGlobalSection
EndGlobal
