<?xml version="1.0" encoding="utf-8"?>
<Project ToolsVersion="17.0" xmlns="http://schemas.microsoft.com/developer/msbuild/2003">
  <ItemGroup>
    <CustomBuild Include="C:\Projects\cpputest\cpputeste_build\CMakeFiles\a80fbe59154ccf72f4f418e1f5b3c6db\RUN_TESTS_force.rule">
      <Filter>CMake Rules</Filter>
    </CustomBuild>
  </ItemGroup>
  <ItemGroup>
    <Filter Include="CMake Rules">
      <UniqueIdentifier>{65F74DA7-D914-35FB-B997-874090750FC0}</UniqueIdentifier>
    </Filter>
  </ItemGroup>
</Project>
