<?xml version="1.0" encoding="utf-8"?>
<Project ToolsVersion="17.0" xmlns="http://schemas.microsoft.com/developer/msbuild/2003">
  <ItemGroup>
    <ClCompile Include="C:\Projects\cpputest\src\CppUTestExt\CodeMemoryReportFormatter.cpp">
      <Filter>Source Files</Filter>
    </ClCompile>
    <ClCompile Include="C:\Projects\cpputest\src\CppUTestExt\GTest.cpp">
      <Filter>Source Files</Filter>
    </ClCompile>
    <ClCompile Include="C:\Projects\cpputest\src\CppUTestExt\IEEE754ExceptionsPlugin.cpp">
      <Filter>Source Files</Filter>
    </ClCompile>
    <ClCompile Include="C:\Projects\cpputest\src\CppUTestExt\MemoryReporterPlugin.cpp">
      <Filter>Source Files</Filter>
    </ClCompile>
    <ClCompile Include="C:\Projects\cpputest\src\CppUTestExt\MockFailure.cpp">
      <Filter>Source Files</Filter>
    </ClCompile>
    <ClCompile Include="C:\Projects\cpputest\src\CppUTestExt\MockSupportPlugin.cpp">
      <Filter>Source Files</Filter>
    </ClCompile>
    <ClCompile Include="C:\Projects\cpputest\src\CppUTestExt\MockActualCall.cpp">
      <Filter>Source Files</Filter>
    </ClCompile>
    <ClCompile Include="C:\Projects\cpputest\src\CppUTestExt\MockSupport_c.cpp">
      <Filter>Source Files</Filter>
    </ClCompile>
    <ClCompile Include="C:\Projects\cpputest\src\CppUTestExt\MemoryReportAllocator.cpp">
      <Filter>Source Files</Filter>
    </ClCompile>
    <ClCompile Include="C:\Projects\cpputest\src\CppUTestExt\MockExpectedCall.cpp">
      <Filter>Source Files</Filter>
    </ClCompile>
    <ClCompile Include="C:\Projects\cpputest\src\CppUTestExt\MockNamedValue.cpp">
      <Filter>Source Files</Filter>
    </ClCompile>
    <ClCompile Include="C:\Projects\cpputest\src\CppUTestExt\OrderedTest.cpp">
      <Filter>Source Files</Filter>
    </ClCompile>
    <ClCompile Include="C:\Projects\cpputest\src\CppUTestExt\MemoryReportFormatter.cpp">
      <Filter>Source Files</Filter>
    </ClCompile>
    <ClCompile Include="C:\Projects\cpputest\src\CppUTestExt\MockExpectedCallsList.cpp">
      <Filter>Source Files</Filter>
    </ClCompile>
    <ClCompile Include="C:\Projects\cpputest\src\CppUTestExt\MockSupport.cpp">
      <Filter>Source Files</Filter>
    </ClCompile>
  </ItemGroup>
  <ItemGroup>
    <ClInclude Include="C:\Projects\cpputest\include\CppUTestExt\CodeMemoryReportFormatter.h">
      <Filter>Header Files</Filter>
    </ClInclude>
    <ClInclude Include="C:\Projects\cpputest\include\CppUTestExt\IEEE754ExceptionsPlugin.h">
      <Filter>Header Files</Filter>
    </ClInclude>
    <ClInclude Include="C:\Projects\cpputest\include\CppUTestExt\MemoryReportAllocator.h">
      <Filter>Header Files</Filter>
    </ClInclude>
    <ClInclude Include="C:\Projects\cpputest\include\CppUTestExt\MockExpectedCall.h">
      <Filter>Header Files</Filter>
    </ClInclude>
    <ClInclude Include="C:\Projects\cpputest\include\CppUTestExt\MockCheckedExpectedCall.h">
      <Filter>Header Files</Filter>
    </ClInclude>
    <ClInclude Include="C:\Projects\cpputest\include\CppUTestExt\MockExpectedCallsList.h">
      <Filter>Header Files</Filter>
    </ClInclude>
    <ClInclude Include="C:\Projects\cpputest\include\CppUTestExt\MockSupportPlugin.h">
      <Filter>Header Files</Filter>
    </ClInclude>
    <ClInclude Include="C:\Projects\cpputest\include\CppUTestExt\MemoryReportFormatter.h">
      <Filter>Header Files</Filter>
    </ClInclude>
    <ClInclude Include="C:\Projects\cpputest\include\CppUTestExt\MockFailure.h">
      <Filter>Header Files</Filter>
    </ClInclude>
    <ClInclude Include="C:\Projects\cpputest\include\CppUTestExt\MockSupport.h">
      <Filter>Header Files</Filter>
    </ClInclude>
    <ClInclude Include="C:\Projects\cpputest\include\CppUTestExt\MockSupport_c.h">
      <Filter>Header Files</Filter>
    </ClInclude>
    <ClInclude Include="C:\Projects\cpputest\include\CppUTestExt\GMock.h">
      <Filter>Header Files</Filter>
    </ClInclude>
    <ClInclude Include="C:\Projects\cpputest\include\CppUTestExt\GTest.h">
      <Filter>Header Files</Filter>
    </ClInclude>
    <ClInclude Include="C:\Projects\cpputest\include\CppUTestExt\GTestSupport.h">
      <Filter>Header Files</Filter>
    </ClInclude>
    <ClInclude Include="C:\Projects\cpputest\include\CppUTestExt\MemoryReporterPlugin.h">
      <Filter>Header Files</Filter>
    </ClInclude>
    <ClInclude Include="C:\Projects\cpputest\include\CppUTestExt\OrderedTest.h">
      <Filter>Header Files</Filter>
    </ClInclude>
    <ClInclude Include="C:\Projects\cpputest\include\CppUTestExt\GTestConvertor.h">
      <Filter>Header Files</Filter>
    </ClInclude>
    <ClInclude Include="C:\Projects\cpputest\include\CppUTestExt\MockActualCall.h">
      <Filter>Header Files</Filter>
    </ClInclude>
    <ClInclude Include="C:\Projects\cpputest\include\CppUTestExt\MockCheckedActualCall.h">
      <Filter>Header Files</Filter>
    </ClInclude>
    <ClInclude Include="C:\Projects\cpputest\include\CppUTestExt\MockNamedValue.h">
      <Filter>Header Files</Filter>
    </ClInclude>
  </ItemGroup>
  <ItemGroup>
    <CustomBuild Include="C:\Projects\cpputest\src\CppUTestExt\CMakeLists.txt" />
  </ItemGroup>
  <ItemGroup>
    <Filter Include="Header Files">
      <UniqueIdentifier>{B6CE1D05-CD4D-3297-AF73-4CA3B4B9DE3E}</UniqueIdentifier>
    </Filter>
    <Filter Include="Source Files">
      <UniqueIdentifier>{0998D24C-A523-3CD6-9111-A2EEF1971476}</UniqueIdentifier>
    </Filter>
  </ItemGroup>
</Project>
