<?xml version="1.0" encoding="utf-8"?>
<Project ToolsVersion="17.0" xmlns="http://schemas.microsoft.com/developer/msbuild/2003">
  <ItemGroup>
    <ClCompile Include="C:\Projects\cpputest\src\CppUTest\CommandLineArguments.cpp">
      <Filter>Source Files</Filter>
    </ClCompile>
    <ClCompile Include="C:\Projects\cpputest\src\CppUTest\MemoryLeakWarningPlugin.cpp">
      <Filter>Source Files</Filter>
    </ClCompile>
    <ClCompile Include="C:\Projects\cpputest\src\CppUTest\TestHarness_c.cpp">
      <Filter>Source Files</Filter>
    </ClCompile>
    <ClCompile Include="C:\Projects\cpputest\src\CppUTest\TestRegistry.cpp">
      <Filter>Source Files</Filter>
    </ClCompile>
    <ClCompile Include="C:\Projects\cpputest\src\CppUTest\CommandLineTestRunner.cpp">
      <Filter>Source Files</Filter>
    </ClCompile>
    <ClCompile Include="C:\Projects\cpputest\src\CppUTest\SimpleString.cpp">
      <Filter>Source Files</Filter>
    </ClCompile>
    <ClCompile Include="C:\Projects\cpputest\src\CppUTest\SimpleStringInternalCache.cpp">
      <Filter>Source Files</Filter>
    </ClCompile>
    <ClCompile Include="C:\Projects\cpputest\src\CppUTest\TestMemoryAllocator.cpp">
      <Filter>Source Files</Filter>
    </ClCompile>
    <ClCompile Include="C:\Projects\cpputest\src\CppUTest\TestResult.cpp">
      <Filter>Source Files</Filter>
    </ClCompile>
    <ClCompile Include="C:\Projects\cpputest\src\CppUTest\JUnitTestOutput.cpp">
      <Filter>Source Files</Filter>
    </ClCompile>
    <ClCompile Include="C:\Projects\cpputest\src\CppUTest\TeamCityTestOutput.cpp">
      <Filter>Source Files</Filter>
    </ClCompile>
    <ClCompile Include="C:\Projects\cpputest\src\CppUTest\TestFailure.cpp">
      <Filter>Source Files</Filter>
    </ClCompile>
    <ClCompile Include="C:\Projects\cpputest\src\CppUTest\TestOutput.cpp">
      <Filter>Source Files</Filter>
    </ClCompile>
    <ClCompile Include="C:\Projects\cpputest\src\CppUTest\MemoryLeakDetector.cpp">
      <Filter>Source Files</Filter>
    </ClCompile>
    <ClCompile Include="C:\Projects\cpputest\src\CppUTest\TestFilter.cpp">
      <Filter>Source Files</Filter>
    </ClCompile>
    <ClCompile Include="C:\Projects\cpputest\src\CppUTest\TestPlugin.cpp">
      <Filter>Source Files</Filter>
    </ClCompile>
    <ClCompile Include="C:\Projects\cpputest\src\CppUTest\TestTestingFixture.cpp">
      <Filter>Source Files</Filter>
    </ClCompile>
    <ClCompile Include="C:\Projects\cpputest\src\CppUTest\SimpleMutex.cpp">
      <Filter>Source Files</Filter>
    </ClCompile>
    <ClCompile Include="C:\Projects\cpputest\src\CppUTest\Utest.cpp">
      <Filter>Source Files</Filter>
    </ClCompile>
    <ClCompile Include="C:\Projects\cpputest\src\Platforms\VisualCpp\UtestPlatform.cpp">
      <Filter>Source Files</Filter>
    </ClCompile>
  </ItemGroup>
  <ItemGroup>
    <ClInclude Include="C:\Projects\cpputest\include\CppUTest\CommandLineArguments.h">
      <Filter>Header Files</Filter>
    </ClInclude>
    <ClInclude Include="C:\Projects\cpputest\include\CppUTest\PlatformSpecificFunctions.h">
      <Filter>Header Files</Filter>
    </ClInclude>
    <ClInclude Include="C:\Projects\cpputest\include\CppUTest\TestMemoryAllocator.h">
      <Filter>Header Files</Filter>
    </ClInclude>
    <ClInclude Include="C:\Projects\cpputest\include\CppUTest\CommandLineTestRunner.h">
      <Filter>Header Files</Filter>
    </ClInclude>
    <ClInclude Include="C:\Projects\cpputest\include\CppUTest\PlatformSpecificFunctions_c.h">
      <Filter>Header Files</Filter>
    </ClInclude>
    <ClInclude Include="C:\Projects\cpputest\include\CppUTest\TestOutput.h">
      <Filter>Header Files</Filter>
    </ClInclude>
    <ClInclude Include="C:\Projects\cpputest\include\CppUTest\CppUTestConfig.h">
      <Filter>Header Files</Filter>
    </ClInclude>
    <ClInclude Include="C:\Projects\cpputest\include\CppUTest\SimpleString.h">
      <Filter>Header Files</Filter>
    </ClInclude>
    <ClInclude Include="C:\Projects\cpputest\include\CppUTest\SimpleStringInternalCache.h">
      <Filter>Header Files</Filter>
    </ClInclude>
    <ClInclude Include="C:\Projects\cpputest\include\CppUTest\TestPlugin.h">
      <Filter>Header Files</Filter>
    </ClInclude>
    <ClInclude Include="C:\Projects\cpputest\include\CppUTest\JUnitTestOutput.h">
      <Filter>Header Files</Filter>
    </ClInclude>
    <ClInclude Include="C:\Projects\cpputest\include\CppUTest\TeamCityTestOutput.h">
      <Filter>Header Files</Filter>
    </ClInclude>
    <ClInclude Include="C:\Projects\cpputest\include\CppUTest\StandardCLibrary.h">
      <Filter>Header Files</Filter>
    </ClInclude>
    <ClInclude Include="C:\Projects\cpputest\include\CppUTest\TestRegistry.h">
      <Filter>Header Files</Filter>
    </ClInclude>
    <ClInclude Include="C:\Projects\cpputest\include\CppUTest\MemoryLeakDetector.h">
      <Filter>Header Files</Filter>
    </ClInclude>
    <ClInclude Include="C:\Projects\cpputest\include\CppUTest\TestFailure.h">
      <Filter>Header Files</Filter>
    </ClInclude>
    <ClInclude Include="C:\Projects\cpputest\include\CppUTest\TestResult.h">
      <Filter>Header Files</Filter>
    </ClInclude>
    <ClInclude Include="C:\Projects\cpputest\include\CppUTest\MemoryLeakDetectorMallocMacros.h">
      <Filter>Header Files</Filter>
    </ClInclude>
    <ClInclude Include="C:\Projects\cpputest\include\CppUTest\TestFilter.h">
      <Filter>Header Files</Filter>
    </ClInclude>
    <ClInclude Include="C:\Projects\cpputest\include\CppUTest\TestTestingFixture.h">
      <Filter>Header Files</Filter>
    </ClInclude>
    <ClInclude Include="C:\Projects\cpputest\include\CppUTest\MemoryLeakDetectorNewMacros.h">
      <Filter>Header Files</Filter>
    </ClInclude>
    <ClInclude Include="C:\Projects\cpputest\include\CppUTest\MemoryLeakDetectorForceInclude.h">
      <Filter>Header Files</Filter>
    </ClInclude>
    <ClInclude Include="C:\Projects\cpputest\include\CppUTest\TestHarness.h">
      <Filter>Header Files</Filter>
    </ClInclude>
    <ClInclude Include="C:\Projects\cpputest\include\CppUTest\Utest.h">
      <Filter>Header Files</Filter>
    </ClInclude>
    <ClInclude Include="C:\Projects\cpputest\include\CppUTest\MemoryLeakWarningPlugin.h">
      <Filter>Header Files</Filter>
    </ClInclude>
    <ClInclude Include="C:\Projects\cpputest\include\CppUTest\TestHarness_c.h">
      <Filter>Header Files</Filter>
    </ClInclude>
    <ClInclude Include="C:\Projects\cpputest\include\CppUTest\UtestMacros.h">
      <Filter>Header Files</Filter>
    </ClInclude>
    <ClInclude Include="C:\Projects\cpputest\include\CppUTest\SimpleMutex.h">
      <Filter>Header Files</Filter>
    </ClInclude>
  </ItemGroup>
  <ItemGroup>
    <CustomBuild Include="C:\Projects\cpputest\src\CppUTest\CMakeLists.txt" />
  </ItemGroup>
  <ItemGroup>
    <Filter Include="Header Files">
      <UniqueIdentifier>{B6CE1D05-CD4D-3297-AF73-4CA3B4B9DE3E}</UniqueIdentifier>
    </Filter>
    <Filter Include="Source Files">
      <UniqueIdentifier>{0998D24C-A523-3CD6-9111-A2EEF1971476}</UniqueIdentifier>
    </Filter>
  </ItemGroup>
</Project>
