
Microsoft Visual Studio Solution File, Format Version 12.00
# Visual Studio Version 17
Project("{8BC9CEB8-8B4A-11D0-8D11-00A0C91BC942}") = "ALL_BUILD", "ALL_BUILD.vcxproj", "{CF44D93B-4911-37FB-A9E5-A9BE2DB89E40}"
	ProjectSection(ProjectDependencies) = postProject
		{46F13A3D-4D61-36B0-9E80-08C6D77A3820} = {46F13A3D-4D61-36B0-9E80-08C6D77A3820}
		{0F82080C-364C-3A04-A574-E4AD9FD7A2B2} = {0F82080C-364C-3A04-A574-E4AD9FD7A2B2}
		{CB797965-12B1-3F3A-B0FF-A390E21E29FB} = {CB797965-12B1-3F3A-B0FF-A390E21E29FB}
		{435B4E6F-BB65-3D12-B59D-6930FB6F740C} = {435B4E6F-BB65-3D12-B59D-6930FB6F740C}
		{9DEB60CA-997B-3893-A639-7435FABA6158} = {9DEB60CA-997B-3893-A639-7435FABA6158}
		{B3B3A08F-B3CD-37A5-B7A8-B5172D0476D5} = {B3B3A08F-B3CD-37A5-B7A8-B5172D0476D5}
		{4CB960BA-3C11-3210-9019-E5ACE847F070} = {4CB960BA-3C11-3210-9019-E5ACE847F070}
		{E7076E05-06B3-37EF-9490-BFA3DB6B9E8B} = {E7076E05-06B3-37EF-9490-BFA3DB6B9E8B}
		{CE55D0DB-B8DA-34D7-9195-88D36A34EFCB} = {CE55D0DB-B8DA-34D7-9195-88D36A34EFCB}
	EndProjectSection
EndProject
Project("{8BC9CEB8-8B4A-11D0-8D11-00A0C91BC942}") = "ApplicationLib", "examples\ApplicationLib\ApplicationLib.vcxproj", "{46F13A3D-4D61-36B0-9E80-08C6D77A3820}"
	ProjectSection(ProjectDependencies) = postProject
		{CE55D0DB-B8DA-34D7-9195-88D36A34EFCB} = {CE55D0DB-B8DA-34D7-9195-88D36A34EFCB}
	EndProjectSection
EndProject
Project("{8BC9CEB8-8B4A-11D0-8D11-00A0C91BC942}") = "Continuous", "Continuous.vcxproj", "{1561C3C3-A6F7-3634-AE94-57EB1652C9C2}"
	ProjectSection(ProjectDependencies) = postProject
		{CE55D0DB-B8DA-34D7-9195-88D36A34EFCB} = {CE55D0DB-B8DA-34D7-9195-88D36A34EFCB}
	EndProjectSection
EndProject
Project("{8BC9CEB8-8B4A-11D0-8D11-00A0C91BC942}") = "CppUTest", "src\CppUTest\CppUTest.vcxproj", "{0F82080C-364C-3A04-A574-E4AD9FD7A2B2}"
	ProjectSection(ProjectDependencies) = postProject
		{CE55D0DB-B8DA-34D7-9195-88D36A34EFCB} = {CE55D0DB-B8DA-34D7-9195-88D36A34EFCB}
	EndProjectSection
EndProject
Project("{8BC9CEB8-8B4A-11D0-8D11-00A0C91BC942}") = "CppUTestExt", "src\CppUTestExt\CppUTestExt.vcxproj", "{CB797965-12B1-3F3A-B0FF-A390E21E29FB}"
	ProjectSection(ProjectDependencies) = postProject
		{0F82080C-364C-3A04-A574-E4AD9FD7A2B2} = {0F82080C-364C-3A04-A574-E4AD9FD7A2B2}
		{CE55D0DB-B8DA-34D7-9195-88D36A34EFCB} = {CE55D0DB-B8DA-34D7-9195-88D36A34EFCB}
	EndProjectSection
EndProject
Project("{8BC9CEB8-8B4A-11D0-8D11-00A0C91BC942}") = "CppUTestExtTests", "tests\CppUTestExt\CppUTestExtTests.vcxproj", "{435B4E6F-BB65-3D12-B59D-6930FB6F740C}"
	ProjectSection(ProjectDependencies) = postProject
		{0F82080C-364C-3A04-A574-E4AD9FD7A2B2} = {0F82080C-364C-3A04-A574-E4AD9FD7A2B2}
		{CB797965-12B1-3F3A-B0FF-A390E21E29FB} = {CB797965-12B1-3F3A-B0FF-A390E21E29FB}
		{9DEB60CA-997B-3893-A639-7435FABA6158} = {9DEB60CA-997B-3893-A639-7435FABA6158}
		{CE55D0DB-B8DA-34D7-9195-88D36A34EFCB} = {CE55D0DB-B8DA-34D7-9195-88D36A34EFCB}
	EndProjectSection
EndProject
Project("{8BC9CEB8-8B4A-11D0-8D11-00A0C91BC942}") = "CppUTestExtTests_main", "tests\CppUTestExt\CppUTestExtTests_main.vcxproj", "{9DEB60CA-997B-3893-A639-7435FABA6158}"
	ProjectSection(ProjectDependencies) = postProject
		{0F82080C-364C-3A04-A574-E4AD9FD7A2B2} = {0F82080C-364C-3A04-A574-E4AD9FD7A2B2}
		{CB797965-12B1-3F3A-B0FF-A390E21E29FB} = {CB797965-12B1-3F3A-B0FF-A390E21E29FB}
		{CE55D0DB-B8DA-34D7-9195-88D36A34EFCB} = {CE55D0DB-B8DA-34D7-9195-88D36A34EFCB}
	EndProjectSection
EndProject
Project("{8BC9CEB8-8B4A-11D0-8D11-00A0C91BC942}") = "CppUTestTests", "tests\CppUTest\CppUTestTests.vcxproj", "{B3B3A08F-B3CD-37A5-B7A8-B5172D0476D5}"
	ProjectSection(ProjectDependencies) = postProject
		{0F82080C-364C-3A04-A574-E4AD9FD7A2B2} = {0F82080C-364C-3A04-A574-E4AD9FD7A2B2}
		{4CB960BA-3C11-3210-9019-E5ACE847F070} = {4CB960BA-3C11-3210-9019-E5ACE847F070}
		{CE55D0DB-B8DA-34D7-9195-88D36A34EFCB} = {CE55D0DB-B8DA-34D7-9195-88D36A34EFCB}
	EndProjectSection
EndProject
Project("{8BC9CEB8-8B4A-11D0-8D11-00A0C91BC942}") = "CppUTestTests_main", "tests\CppUTest\CppUTestTests_main.vcxproj", "{4CB960BA-3C11-3210-9019-E5ACE847F070}"
	ProjectSection(ProjectDependencies) = postProject
		{0F82080C-364C-3A04-A574-E4AD9FD7A2B2} = {0F82080C-364C-3A04-A574-E4AD9FD7A2B2}
		{CE55D0DB-B8DA-34D7-9195-88D36A34EFCB} = {CE55D0DB-B8DA-34D7-9195-88D36A34EFCB}
	EndProjectSection
EndProject
Project("{8BC9CEB8-8B4A-11D0-8D11-00A0C91BC942}") = "ExampleTests", "examples\AllTests\ExampleTests.vcxproj", "{E7076E05-06B3-37EF-9490-BFA3DB6B9E8B}"
	ProjectSection(ProjectDependencies) = postProject
		{46F13A3D-4D61-36B0-9E80-08C6D77A3820} = {46F13A3D-4D61-36B0-9E80-08C6D77A3820}
		{0F82080C-364C-3A04-A574-E4AD9FD7A2B2} = {0F82080C-364C-3A04-A574-E4AD9FD7A2B2}
		{CB797965-12B1-3F3A-B0FF-A390E21E29FB} = {CB797965-12B1-3F3A-B0FF-A390E21E29FB}
		{CE55D0DB-B8DA-34D7-9195-88D36A34EFCB} = {CE55D0DB-B8DA-34D7-9195-88D36A34EFCB}
	EndProjectSection
EndProject
Project("{8BC9CEB8-8B4A-11D0-8D11-00A0C91BC942}") = "Experimental", "Experimental.vcxproj", "{79CB2BE6-2580-375D-865B-ABCA4B2EF19F}"
	ProjectSection(ProjectDependencies) = postProject
		{CE55D0DB-B8DA-34D7-9195-88D36A34EFCB} = {CE55D0DB-B8DA-34D7-9195-88D36A34EFCB}
	EndProjectSection
EndProject
Project("{8BC9CEB8-8B4A-11D0-8D11-00A0C91BC942}") = "INSTALL", "INSTALL.vcxproj", "{E28A6ADC-1228-38CB-98D8-D16C73E84C33}"
	ProjectSection(ProjectDependencies) = postProject
		{CF44D93B-4911-37FB-A9E5-A9BE2DB89E40} = {CF44D93B-4911-37FB-A9E5-A9BE2DB89E40}
		{CE55D0DB-B8DA-34D7-9195-88D36A34EFCB} = {CE55D0DB-B8DA-34D7-9195-88D36A34EFCB}
	EndProjectSection
EndProject
Project("{8BC9CEB8-8B4A-11D0-8D11-00A0C91BC942}") = "Nightly", "Nightly.vcxproj", "{A8E5F30B-E28F-3D67-98C0-A49582BBBFCE}"
	ProjectSection(ProjectDependencies) = postProject
		{CE55D0DB-B8DA-34D7-9195-88D36A34EFCB} = {CE55D0DB-B8DA-34D7-9195-88D36A34EFCB}
	EndProjectSection
EndProject
Project("{8BC9CEB8-8B4A-11D0-8D11-00A0C91BC942}") = "NightlyMemoryCheck", "NightlyMemoryCheck.vcxproj", "{E5B7C13F-D71A-3B4A-A0DE-C1C2F47491D8}"
	ProjectSection(ProjectDependencies) = postProject
		{CE55D0DB-B8DA-34D7-9195-88D36A34EFCB} = {CE55D0DB-B8DA-34D7-9195-88D36A34EFCB}
	EndProjectSection
EndProject
Project("{8BC9CEB8-8B4A-11D0-8D11-00A0C91BC942}") = "RUN_TESTS", "RUN_TESTS.vcxproj", "{3FB5B933-C5E9-3449-BD8C-90C46E35432B}"
	ProjectSection(ProjectDependencies) = postProject
		{CE55D0DB-B8DA-34D7-9195-88D36A34EFCB} = {CE55D0DB-B8DA-34D7-9195-88D36A34EFCB}
	EndProjectSection
EndProject
Project("{8BC9CEB8-8B4A-11D0-8D11-00A0C91BC942}") = "ZERO_CHECK", "ZERO_CHECK.vcxproj", "{CE55D0DB-B8DA-34D7-9195-88D36A34EFCB}"
	ProjectSection(ProjectDependencies) = postProject
	EndProjectSection
EndProject
Global
	GlobalSection(SolutionConfigurationPlatforms) = preSolution
		Debug|x64 = Debug|x64
		Release|x64 = Release|x64
		MinSizeRel|x64 = MinSizeRel|x64
		RelWithDebInfo|x64 = RelWithDebInfo|x64
	EndGlobalSection
	GlobalSection(ProjectConfigurationPlatforms) = postSolution
		{CF44D93B-4911-37FB-A9E5-A9BE2DB89E40}.Debug|x64.ActiveCfg = Debug|x64
		{CF44D93B-4911-37FB-A9E5-A9BE2DB89E40}.Debug|x64.Build.0 = Debug|x64
		{CF44D93B-4911-37FB-A9E5-A9BE2DB89E40}.Release|x64.ActiveCfg = Release|x64
		{CF44D93B-4911-37FB-A9E5-A9BE2DB89E40}.Release|x64.Build.0 = Release|x64
		{CF44D93B-4911-37FB-A9E5-A9BE2DB89E40}.MinSizeRel|x64.ActiveCfg = MinSizeRel|x64
		{CF44D93B-4911-37FB-A9E5-A9BE2DB89E40}.MinSizeRel|x64.Build.0 = MinSizeRel|x64
		{CF44D93B-4911-37FB-A9E5-A9BE2DB89E40}.RelWithDebInfo|x64.ActiveCfg = RelWithDebInfo|x64
		{CF44D93B-4911-37FB-A9E5-A9BE2DB89E40}.RelWithDebInfo|x64.Build.0 = RelWithDebInfo|x64
		{46F13A3D-4D61-36B0-9E80-08C6D77A3820}.Debug|x64.ActiveCfg = Debug|x64
		{46F13A3D-4D61-36B0-9E80-08C6D77A3820}.Debug|x64.Build.0 = Debug|x64
		{46F13A3D-4D61-36B0-9E80-08C6D77A3820}.Release|x64.ActiveCfg = Release|x64
		{46F13A3D-4D61-36B0-9E80-08C6D77A3820}.Release|x64.Build.0 = Release|x64
		{46F13A3D-4D61-36B0-9E80-08C6D77A3820}.MinSizeRel|x64.ActiveCfg = MinSizeRel|x64
		{46F13A3D-4D61-36B0-9E80-08C6D77A3820}.MinSizeRel|x64.Build.0 = MinSizeRel|x64
		{46F13A3D-4D61-36B0-9E80-08C6D77A3820}.RelWithDebInfo|x64.ActiveCfg = RelWithDebInfo|x64
		{46F13A3D-4D61-36B0-9E80-08C6D77A3820}.RelWithDebInfo|x64.Build.0 = RelWithDebInfo|x64
		{1561C3C3-A6F7-3634-AE94-57EB1652C9C2}.Debug|x64.ActiveCfg = Debug|x64
		{1561C3C3-A6F7-3634-AE94-57EB1652C9C2}.Release|x64.ActiveCfg = Release|x64
		{1561C3C3-A6F7-3634-AE94-57EB1652C9C2}.MinSizeRel|x64.ActiveCfg = MinSizeRel|x64
		{1561C3C3-A6F7-3634-AE94-57EB1652C9C2}.RelWithDebInfo|x64.ActiveCfg = RelWithDebInfo|x64
		{0F82080C-364C-3A04-A574-E4AD9FD7A2B2}.Debug|x64.ActiveCfg = Debug|x64
		{0F82080C-364C-3A04-A574-E4AD9FD7A2B2}.Debug|x64.Build.0 = Debug|x64
		{0F82080C-364C-3A04-A574-E4AD9FD7A2B2}.Release|x64.ActiveCfg = Release|x64
		{0F82080C-364C-3A04-A574-E4AD9FD7A2B2}.Release|x64.Build.0 = Release|x64
		{0F82080C-364C-3A04-A574-E4AD9FD7A2B2}.MinSizeRel|x64.ActiveCfg = MinSizeRel|x64
		{0F82080C-364C-3A04-A574-E4AD9FD7A2B2}.MinSizeRel|x64.Build.0 = MinSizeRel|x64
		{0F82080C-364C-3A04-A574-E4AD9FD7A2B2}.RelWithDebInfo|x64.ActiveCfg = RelWithDebInfo|x64
		{0F82080C-364C-3A04-A574-E4AD9FD7A2B2}.RelWithDebInfo|x64.Build.0 = RelWithDebInfo|x64
		{CB797965-12B1-3F3A-B0FF-A390E21E29FB}.Debug|x64.ActiveCfg = Debug|x64
		{CB797965-12B1-3F3A-B0FF-A390E21E29FB}.Debug|x64.Build.0 = Debug|x64
		{CB797965-12B1-3F3A-B0FF-A390E21E29FB}.Release|x64.ActiveCfg = Release|x64
		{CB797965-12B1-3F3A-B0FF-A390E21E29FB}.Release|x64.Build.0 = Release|x64
		{CB797965-12B1-3F3A-B0FF-A390E21E29FB}.MinSizeRel|x64.ActiveCfg = MinSizeRel|x64
		{CB797965-12B1-3F3A-B0FF-A390E21E29FB}.MinSizeRel|x64.Build.0 = MinSizeRel|x64
		{CB797965-12B1-3F3A-B0FF-A390E21E29FB}.RelWithDebInfo|x64.ActiveCfg = RelWithDebInfo|x64
		{CB797965-12B1-3F3A-B0FF-A390E21E29FB}.RelWithDebInfo|x64.Build.0 = RelWithDebInfo|x64
		{435B4E6F-BB65-3D12-B59D-6930FB6F740C}.Debug|x64.ActiveCfg = Debug|x64
		{435B4E6F-BB65-3D12-B59D-6930FB6F740C}.Debug|x64.Build.0 = Debug|x64
		{435B4E6F-BB65-3D12-B59D-6930FB6F740C}.Release|x64.ActiveCfg = Release|x64
		{435B4E6F-BB65-3D12-B59D-6930FB6F740C}.Release|x64.Build.0 = Release|x64
		{435B4E6F-BB65-3D12-B59D-6930FB6F740C}.MinSizeRel|x64.ActiveCfg = MinSizeRel|x64
		{435B4E6F-BB65-3D12-B59D-6930FB6F740C}.MinSizeRel|x64.Build.0 = MinSizeRel|x64
		{435B4E6F-BB65-3D12-B59D-6930FB6F740C}.RelWithDebInfo|x64.ActiveCfg = RelWithDebInfo|x64
		{435B4E6F-BB65-3D12-B59D-6930FB6F740C}.RelWithDebInfo|x64.Build.0 = RelWithDebInfo|x64
		{9DEB60CA-997B-3893-A639-7435FABA6158}.Debug|x64.ActiveCfg = Debug|x64
		{9DEB60CA-997B-3893-A639-7435FABA6158}.Debug|x64.Build.0 = Debug|x64
		{9DEB60CA-997B-3893-A639-7435FABA6158}.Release|x64.ActiveCfg = Release|x64
		{9DEB60CA-997B-3893-A639-7435FABA6158}.Release|x64.Build.0 = Release|x64
		{9DEB60CA-997B-3893-A639-7435FABA6158}.MinSizeRel|x64.ActiveCfg = MinSizeRel|x64
		{9DEB60CA-997B-3893-A639-7435FABA6158}.MinSizeRel|x64.Build.0 = MinSizeRel|x64
		{9DEB60CA-997B-3893-A639-7435FABA6158}.RelWithDebInfo|x64.ActiveCfg = RelWithDebInfo|x64
		{9DEB60CA-997B-3893-A639-7435FABA6158}.RelWithDebInfo|x64.Build.0 = RelWithDebInfo|x64
		{B3B3A08F-B3CD-37A5-B7A8-B5172D0476D5}.Debug|x64.ActiveCfg = Debug|x64
		{B3B3A08F-B3CD-37A5-B7A8-B5172D0476D5}.Debug|x64.Build.0 = Debug|x64
		{B3B3A08F-B3CD-37A5-B7A8-B5172D0476D5}.Release|x64.ActiveCfg = Release|x64
		{B3B3A08F-B3CD-37A5-B7A8-B5172D0476D5}.Release|x64.Build.0 = Release|x64
		{B3B3A08F-B3CD-37A5-B7A8-B5172D0476D5}.MinSizeRel|x64.ActiveCfg = MinSizeRel|x64
		{B3B3A08F-B3CD-37A5-B7A8-B5172D0476D5}.MinSizeRel|x64.Build.0 = MinSizeRel|x64
		{B3B3A08F-B3CD-37A5-B7A8-B5172D0476D5}.RelWithDebInfo|x64.ActiveCfg = RelWithDebInfo|x64
		{B3B3A08F-B3CD-37A5-B7A8-B5172D0476D5}.RelWithDebInfo|x64.Build.0 = RelWithDebInfo|x64
		{4CB960BA-3C11-3210-9019-E5ACE847F070}.Debug|x64.ActiveCfg = Debug|x64
		{4CB960BA-3C11-3210-9019-E5ACE847F070}.Debug|x64.Build.0 = Debug|x64
		{4CB960BA-3C11-3210-9019-E5ACE847F070}.Release|x64.ActiveCfg = Release|x64
		{4CB960BA-3C11-3210-9019-E5ACE847F070}.Release|x64.Build.0 = Release|x64
		{4CB960BA-3C11-3210-9019-E5ACE847F070}.MinSizeRel|x64.ActiveCfg = MinSizeRel|x64
		{4CB960BA-3C11-3210-9019-E5ACE847F070}.MinSizeRel|x64.Build.0 = MinSizeRel|x64
		{4CB960BA-3C11-3210-9019-E5ACE847F070}.RelWithDebInfo|x64.ActiveCfg = RelWithDebInfo|x64
		{4CB960BA-3C11-3210-9019-E5ACE847F070}.RelWithDebInfo|x64.Build.0 = RelWithDebInfo|x64
		{E7076E05-06B3-37EF-9490-BFA3DB6B9E8B}.Debug|x64.ActiveCfg = Debug|x64
		{E7076E05-06B3-37EF-9490-BFA3DB6B9E8B}.Debug|x64.Build.0 = Debug|x64
		{E7076E05-06B3-37EF-9490-BFA3DB6B9E8B}.Release|x64.ActiveCfg = Release|x64
		{E7076E05-06B3-37EF-9490-BFA3DB6B9E8B}.Release|x64.Build.0 = Release|x64
		{E7076E05-06B3-37EF-9490-BFA3DB6B9E8B}.MinSizeRel|x64.ActiveCfg = MinSizeRel|x64
		{E7076E05-06B3-37EF-9490-BFA3DB6B9E8B}.MinSizeRel|x64.Build.0 = MinSizeRel|x64
		{E7076E05-06B3-37EF-9490-BFA3DB6B9E8B}.RelWithDebInfo|x64.ActiveCfg = RelWithDebInfo|x64
		{E7076E05-06B3-37EF-9490-BFA3DB6B9E8B}.RelWithDebInfo|x64.Build.0 = RelWithDebInfo|x64
		{79CB2BE6-2580-375D-865B-ABCA4B2EF19F}.Debug|x64.ActiveCfg = Debug|x64
		{79CB2BE6-2580-375D-865B-ABCA4B2EF19F}.Release|x64.ActiveCfg = Release|x64
		{79CB2BE6-2580-375D-865B-ABCA4B2EF19F}.MinSizeRel|x64.ActiveCfg = MinSizeRel|x64
		{79CB2BE6-2580-375D-865B-ABCA4B2EF19F}.RelWithDebInfo|x64.ActiveCfg = RelWithDebInfo|x64
		{E28A6ADC-1228-38CB-98D8-D16C73E84C33}.Debug|x64.ActiveCfg = Debug|x64
		{E28A6ADC-1228-38CB-98D8-D16C73E84C33}.Release|x64.ActiveCfg = Release|x64
		{E28A6ADC-1228-38CB-98D8-D16C73E84C33}.MinSizeRel|x64.ActiveCfg = MinSizeRel|x64
		{E28A6ADC-1228-38CB-98D8-D16C73E84C33}.RelWithDebInfo|x64.ActiveCfg = RelWithDebInfo|x64
		{A8E5F30B-E28F-3D67-98C0-A49582BBBFCE}.Debug|x64.ActiveCfg = Debug|x64
		{A8E5F30B-E28F-3D67-98C0-A49582BBBFCE}.Release|x64.ActiveCfg = Release|x64
		{A8E5F30B-E28F-3D67-98C0-A49582BBBFCE}.MinSizeRel|x64.ActiveCfg = MinSizeRel|x64
		{A8E5F30B-E28F-3D67-98C0-A49582BBBFCE}.RelWithDebInfo|x64.ActiveCfg = RelWithDebInfo|x64
		{E5B7C13F-D71A-3B4A-A0DE-C1C2F47491D8}.Debug|x64.ActiveCfg = Debug|x64
		{E5B7C13F-D71A-3B4A-A0DE-C1C2F47491D8}.Release|x64.ActiveCfg = Release|x64
		{E5B7C13F-D71A-3B4A-A0DE-C1C2F47491D8}.MinSizeRel|x64.ActiveCfg = MinSizeRel|x64
		{E5B7C13F-D71A-3B4A-A0DE-C1C2F47491D8}.RelWithDebInfo|x64.ActiveCfg = RelWithDebInfo|x64
		{3FB5B933-C5E9-3449-BD8C-90C46E35432B}.Debug|x64.ActiveCfg = Debug|x64
		{3FB5B933-C5E9-3449-BD8C-90C46E35432B}.Release|x64.ActiveCfg = Release|x64
		{3FB5B933-C5E9-3449-BD8C-90C46E35432B}.MinSizeRel|x64.ActiveCfg = MinSizeRel|x64
		{3FB5B933-C5E9-3449-BD8C-90C46E35432B}.RelWithDebInfo|x64.ActiveCfg = RelWithDebInfo|x64
		{CE55D0DB-B8DA-34D7-9195-88D36A34EFCB}.Debug|x64.ActiveCfg = Debug|x64
		{CE55D0DB-B8DA-34D7-9195-88D36A34EFCB}.Debug|x64.Build.0 = Debug|x64
		{CE55D0DB-B8DA-34D7-9195-88D36A34EFCB}.Release|x64.ActiveCfg = Release|x64
		{CE55D0DB-B8DA-34D7-9195-88D36A34EFCB}.Release|x64.Build.0 = Release|x64
		{CE55D0DB-B8DA-34D7-9195-88D36A34EFCB}.MinSizeRel|x64.ActiveCfg = MinSizeRel|x64
		{CE55D0DB-B8DA-34D7-9195-88D36A34EFCB}.MinSizeRel|x64.Build.0 = MinSizeRel|x64
		{CE55D0DB-B8DA-34D7-9195-88D36A34EFCB}.RelWithDebInfo|x64.ActiveCfg = RelWithDebInfo|x64
		{CE55D0DB-B8DA-34D7-9195-88D36A34EFCB}.RelWithDebInfo|x64.Build.0 = RelWithDebInfo|x64
	EndGlobalSection
	GlobalSection(ExtensibilityGlobals) = postSolution
		SolutionGuid = {418A86B0-6DF3-3C13-BCB2-FE33BF0C8A8B}
	EndGlobalSection
	GlobalSection(ExtensibilityAddIns) = postSolution
	EndGlobalSection
EndGlobal
